PODS:
  - LBXScan/LBXNative (2.0):
    - LBXScan/Types (~> 2.0)
  - LBXScan/LBXZBar (2.0):
    - LBXScan/Types (~> 2.0)
    - ZBarSDK (~> 1.3.1)
  - LBXScan/LBXZXing (2.0):
    - LBXScan/Types (~> 2.0)
  - LBXScan/Types (2.0)
  - LBXScan/UI (2.0):
    - LBXScan/Types (~> 2.0)
  - ZBarSDK (1.3.1)

DEPENDENCIES:
  - LBXScan/LBXNative (from `../`)
  - LBXScan/LBXZBar (from `../`)
  - LBXScan/LBXZXing (from `../`)
  - LBXScan/UI (from `../`)

EXTERNAL SOURCES:
  LBXScan:
    :path: ../

SPEC CHECKSUMS:
  LBXScan: 2b0d6f2a86b43ec4c857d2d0b2ce450f90111af9
  ZBarSDK: 4c1b5daeb7d6cc67dc9355e690af0230a661f6ec

PODFILE CHECKSUM: e06d4af1befe951ecac04417812fb8c1dbdaed14

COCOAPODS: 1.2.0.rc.1
