PODS:
  - LBXScan/LBXNative (2.3):
    - LBXScan/Types (~> 2.2)
  - LBXScan/LBXZXing (2.3):
    - LBXScan/Types (~> 2.2)
  - LBXScan/Types (2.3)
  - LBXScan/UI (2.3):
    - LBXScan/Types (~> 2.2)
  - LBXZBarSDK (1.3.4)

DEPENDENCIES:
  - LBXScan/LBXNative (from `../`)
  - LBXScan/LBXZXing (from `../`)
  - LBXScan/UI (from `../`)
  - LBXZBarSDK

SPEC REPOS:
  trunk:
    - LBXZBarSDK

EXTERNAL SOURCES:
  LBXScan:
    :path: "../"

SPEC CHECKSUMS:
  LBXScan: eb3f88f8389b1eedf36a590b00c6290ec1d95a07
  LBXZBarSDK: e32ffa0db6e9da403c88316ed86ec19e2da4c532

PODFILE CHECKSUM: 3b72bbb2b73ed0159a6e1b06737c9197b684f69e

COCOAPODS: 1.9.3
